
Microsoft Visual Studio Solution File, Format Version 12.00
# Visual Studio Version 17
VisualStudioVersion = 17.0.31903.59
MinimumVisualStudioVersion = 10.0.40219.1
Project("{FAE04EC0-301F-11D3-BF4B-00C04F79EFBC}") = "BracketValidatorApp", "BracketValidatorApp\BracketValidatorApp.csproj", "{EE6D4180-901D-4D8B-88F2-6BACFBC4D017}"
EndProject
Project("{FAE04EC0-301F-11D3-BF4B-00C04F79EFBC}") = "BracketValidatorTests", "BracketValidatorTests\BracketValidatorTests.csproj", "{7C8004B8-0070-4CE1-8E33-EA87005CBECA}"
EndProject
Project("{FAE04EC0-301F-11D3-BF4B-00C04F79EFBC}") = "BracketValidatorLibrary", "BracketValidatorLibrary\BracketValidatorLibrary.csproj", "{6C3C88BF-7872-46C1-9884-8882B075E70B}"
EndProject
Global
	GlobalSection(SolutionConfigurationPlatforms) = preSolution
		Debug|Any CPU = Debug|Any CPU
		Release|Any CPU = Release|Any CPU
	EndGlobalSection
	GlobalSection(SolutionProperties) = preSolution
		HideSolutionNode = FALSE
	EndGlobalSection
	GlobalSection(ProjectConfigurationPlatforms) = postSolution
		{EE6D4180-901D-4D8B-88F2-6BACFBC4D017}.Debug|Any CPU.ActiveCfg = Debug|Any CPU
		{EE6D4180-901D-4D8B-88F2-6BACFBC4D017}.Debug|Any CPU.Build.0 = Debug|Any CPU
		{EE6D4180-901D-4D8B-88F2-6BACFBC4D017}.Release|Any CPU.ActiveCfg = Release|Any CPU
		{EE6D4180-901D-4D8B-88F2-6BACFBC4D017}.Release|Any CPU.Build.0 = Release|Any CPU
		{7C8004B8-0070-4CE1-8E33-EA87005CBECA}.Debug|Any CPU.ActiveCfg = Debug|Any CPU
		{7C8004B8-0070-4CE1-8E33-EA87005CBECA}.Debug|Any CPU.Build.0 = Debug|Any CPU
		{7C8004B8-0070-4CE1-8E33-EA87005CBECA}.Release|Any CPU.ActiveCfg = Release|Any CPU
		{7C8004B8-0070-4CE1-8E33-EA87005CBECA}.Release|Any CPU.Build.0 = Release|Any CPU
		{6C3C88BF-7872-46C1-9884-8882B075E70B}.Debug|Any CPU.ActiveCfg = Debug|Any CPU
		{6C3C88BF-7872-46C1-9884-8882B075E70B}.Debug|Any CPU.Build.0 = Debug|Any CPU
		{6C3C88BF-7872-46C1-9884-8882B075E70B}.Release|Any CPU.ActiveCfg = Release|Any CPU
		{6C3C88BF-7872-46C1-9884-8882B075E70B}.Release|Any CPU.Build.0 = Release|Any CPU
	EndGlobalSection
EndGlobal
